
Microsoft Visual Studio Solution File, Format Version 12.00
# Visual Studio 2013
VisualStudioVersion = 12.0.21005.1
MinimumVisualStudioVersion = 10.0.40219.1
Project("{FAE04EC0-301F-11D3-BF4B-00C04F79EFBC}") = "LuceneSearchLibrary", "LuceneSearchLibrary\LuceneSearchLibrary.csproj", "{2B440C2D-4807-4387-8D9C-50DA4BDCED30}"
EndProject
Project("{FAE04EC0-301F-11D3-BF4B-00C04F79EFBC}") = "LuceneSearchClient", "LuceneSearchClient\LuceneSearchClient.csproj", "{CFBB38DB-A2D6-441A-8720-8EEF8556F862}"
EndProject
Global
	GlobalSection(SolutionConfigurationPlatforms) = preSolution
		Debug|Any CPU = Debug|Any CPU
		Release|Any CPU = Release|Any CPU
	EndGlobalSection
	GlobalSection(ProjectConfigurationPlatforms) = postSolution
		{2B440C2D-4807-4387-8D9C-50DA4BDCED30}.Debug|Any CPU.ActiveCfg = Debug|Any CPU
		{2B440C2D-4807-4387-8D9C-50DA4BDCED30}.Debug|Any CPU.Build.0 = Debug|Any CPU
		{2B440C2D-4807-4387-8D9C-50DA4BDCED30}.Release|Any CPU.ActiveCfg = Release|Any CPU
		{2B440C2D-4807-4387-8D9C-50DA4BDCED30}.Release|Any CPU.Build.0 = Release|Any CPU
		{CFBB38DB-A2D6-441A-8720-8EEF8556F862}.Debug|Any CPU.ActiveCfg = Debug|Any CPU
		{CFBB38DB-A2D6-441A-8720-8EEF8556F862}.Debug|Any CPU.Build.0 = Debug|Any CPU
		{CFBB38DB-A2D6-441A-8720-8EEF8556F862}.Release|Any CPU.ActiveCfg = Release|Any CPU
		{CFBB38DB-A2D6-441A-8720-8EEF8556F862}.Release|Any CPU.Build.0 = Release|Any CPU
	EndGlobalSection
	GlobalSection(SolutionProperties) = preSolution
		HideSolutionNode = FALSE
	EndGlobalSection
EndGlobal
